
Microsoft Visual Studio Solution File, Format Version 12.00
# Visual Studio Version 17
VisualStudioVersion = 17.8.34330.188
MinimumVisualStudioVersion = 10.0.40219.1
Project("{FAE04EC0-301F-11D3-BF4B-00C04F79EFBC}") = "MissionTwo", "MissionTwo\MissionTwo.csproj", "{0387DA32-B276-442C-BE6B-71842012BEFB}"
EndProject
Global
	GlobalSection(SolutionConfigurationPlatforms) = preSolution
		Debug|Any CPU = Debug|Any CPU
		Release|Any CPU = Release|Any CPU
	EndGlobalSection
	GlobalSection(ProjectConfigurationPlatforms) = postSolution
		{0387DA32-B276-442C-BE6B-71842012BEFB}.Debug|Any CPU.ActiveCfg = Debug|Any CPU
		{0387DA32-B276-442C-BE6B-71842012BEFB}.Debug|Any CPU.Build.0 = Debug|Any CPU
		{0387DA32-B276-442C-BE6B-71842012BEFB}.Release|Any CPU.ActiveCfg = Release|Any CPU
		{0387DA32-B276-442C-BE6B-71842012BEFB}.Release|Any CPU.Build.0 = Release|Any CPU
	EndGlobalSection
	GlobalSection(SolutionProperties) = preSolution
		HideSolutionNode = FALSE
	EndGlobalSection
	GlobalSection(ExtensibilityGlobals) = postSolution
		SolutionGuid = {2A84F5AA-26AE-4B32-BC56-54A876222F88}
	EndGlobalSection
EndGlobal
